
Microsoft Visual Studio Solution File, Format Version 12.00
# Visual Studio Version 17
VisualStudioVersion = 17.13.35913.81
MinimumVisualStudioVersion = 10.0.40219.1
Project("{FAE04EC0-301F-11D3-BF4B-00C04F79EFBC}") = "Ejercicio1", "Ejercicio1\Ejercicio1.csproj", "{0C4141E0-AA27-4576-9FE9-A70C32510BB7}"
EndProject
Project("{FAE04EC0-301F-11D3-BF4B-00C04F79EFBC}") = "Ejercicio2", "Ejercicio2\Ejercicio2.csproj", "{58162F52-5117-4CEE-9AF6-CEDA6A5049B5}"
EndProject
Project("{FAE04EC0-301F-11D3-BF4B-00C04F79EFBC}") = "Ejercicio3", "App3\Ejercicio3.csproj", "{B1898F8E-3AA6-4C73-B404-65D859FC961C}"
EndProject
Project("{FAE04EC0-301F-11D3-BF4B-00C04F79EFBC}") = "Ejercicio4", "Ejercicio4\Ejercicio4.csproj", "{8227BBAA-62BB-40CC-B4FE-800600B643E7}"
EndProject
Project("{FAE04EC0-301F-11D3-BF4B-00C04F79EFBC}") = "Ejercicio5", "Ejercicio5\Ejercicio5.csproj", "{1A41C03F-EDCC-43C5-9E29-7716B7BFF42C}"
EndProject
Project("{FAE04EC0-301F-11D3-BF4B-00C04F79EFBC}") = "Ejercicio6", "Ejercicio6\Ejercicio6.csproj", "{01A7E855-023A-4A05-A08F-ED94365D26A3}"
EndProject
Project("{FAE04EC0-301F-11D3-BF4B-00C04F79EFBC}") = "Ejercicio6Clases", "Ejercicio6Clases\Ejercicio6Clases.csproj", "{3600D48A-1749-4B51-BB57-CDC61500EEF6}"
EndProject
Project("{FAE04EC0-301F-11D3-BF4B-00C04F79EFBC}") = "Ejercicio7", "Ejercicio7\Ejercicio7.csproj", "{86A5716C-3E8C-4F2A-9FF3-98962A57EC4D}"
EndProject
Project("{FAE04EC0-301F-11D3-BF4B-00C04F79EFBC}") = "Ejercicio7Clases", "Ejercicio7Clases\Ejercicio7Clases.csproj", "{425A201B-9C5B-4241-ACE1-5A1520322FFF}"
EndProject
Project("{FAE04EC0-301F-11D3-BF4B-00C04F79EFBC}") = "Ejercicio8", "Ejercicio8\Ejercicio8.csproj", "{4C5E74D0-EEBE-486A-AED0-8566F167C5B7}"
EndProject
Project("{FAE04EC0-301F-11D3-BF4B-00C04F79EFBC}") = "Ejercicio9", "Ejercicio9\Ejercicio9.csproj", "{0E2291E9-6CAC-4B73-8465-602DF7DD96F1}"
EndProject
Project("{FAE04EC0-301F-11D3-BF4B-00C04F79EFBC}") = "Ejercicio10", "Ejercicio10\Ejercicio10.csproj", "{BCCAE11D-89A3-4113-A430-1DCF447A5BAE}"
EndProject
Global
	GlobalSection(SolutionConfigurationPlatforms) = preSolution
		Debug|Any CPU = Debug|Any CPU
		Release|Any CPU = Release|Any CPU
	EndGlobalSection
	GlobalSection(ProjectConfigurationPlatforms) = postSolution
		{0C4141E0-AA27-4576-9FE9-A70C32510BB7}.Debug|Any CPU.ActiveCfg = Debug|Any CPU
		{0C4141E0-AA27-4576-9FE9-A70C32510BB7}.Debug|Any CPU.Build.0 = Debug|Any CPU
		{0C4141E0-AA27-4576-9FE9-A70C32510BB7}.Release|Any CPU.ActiveCfg = Release|Any CPU
		{0C4141E0-AA27-4576-9FE9-A70C32510BB7}.Release|Any CPU.Build.0 = Release|Any CPU
		{58162F52-5117-4CEE-9AF6-CEDA6A5049B5}.Debug|Any CPU.ActiveCfg = Debug|Any CPU
		{58162F52-5117-4CEE-9AF6-CEDA6A5049B5}.Debug|Any CPU.Build.0 = Debug|Any CPU
		{58162F52-5117-4CEE-9AF6-CEDA6A5049B5}.Release|Any CPU.ActiveCfg = Release|Any CPU
		{58162F52-5117-4CEE-9AF6-CEDA6A5049B5}.Release|Any CPU.Build.0 = Release|Any CPU
		{B1898F8E-3AA6-4C73-B404-65D859FC961C}.Debug|Any CPU.ActiveCfg = Debug|Any CPU
		{B1898F8E-3AA6-4C73-B404-65D859FC961C}.Debug|Any CPU.Build.0 = Debug|Any CPU
		{B1898F8E-3AA6-4C73-B404-65D859FC961C}.Release|Any CPU.ActiveCfg = Release|Any CPU
		{B1898F8E-3AA6-4C73-B404-65D859FC961C}.Release|Any CPU.Build.0 = Release|Any CPU
		{8227BBAA-62BB-40CC-B4FE-800600B643E7}.Debug|Any CPU.ActiveCfg = Debug|Any CPU
		{8227BBAA-62BB-40CC-B4FE-800600B643E7}.Debug|Any CPU.Build.0 = Debug|Any CPU
		{8227BBAA-62BB-40CC-B4FE-800600B643E7}.Release|Any CPU.ActiveCfg = Release|Any CPU
		{8227BBAA-62BB-40CC-B4FE-800600B643E7}.Release|Any CPU.Build.0 = Release|Any CPU
		{1A41C03F-EDCC-43C5-9E29-7716B7BFF42C}.Debug|Any CPU.ActiveCfg = Debug|Any CPU
		{1A41C03F-EDCC-43C5-9E29-7716B7BFF42C}.Debug|Any CPU.Build.0 = Debug|Any CPU
		{1A41C03F-EDCC-43C5-9E29-7716B7BFF42C}.Release|Any CPU.ActiveCfg = Release|Any CPU
		{1A41C03F-EDCC-43C5-9E29-7716B7BFF42C}.Release|Any CPU.Build.0 = Release|Any CPU
		{01A7E855-023A-4A05-A08F-ED94365D26A3}.Debug|Any CPU.ActiveCfg = Debug|Any CPU
		{01A7E855-023A-4A05-A08F-ED94365D26A3}.Debug|Any CPU.Build.0 = Debug|Any CPU
		{01A7E855-023A-4A05-A08F-ED94365D26A3}.Release|Any CPU.ActiveCfg = Release|Any CPU
		{01A7E855-023A-4A05-A08F-ED94365D26A3}.Release|Any CPU.Build.0 = Release|Any CPU
		{3600D48A-1749-4B51-BB57-CDC61500EEF6}.Debug|Any CPU.ActiveCfg = Debug|Any CPU
		{3600D48A-1749-4B51-BB57-CDC61500EEF6}.Debug|Any CPU.Build.0 = Debug|Any CPU
		{3600D48A-1749-4B51-BB57-CDC61500EEF6}.Release|Any CPU.ActiveCfg = Release|Any CPU
		{3600D48A-1749-4B51-BB57-CDC61500EEF6}.Release|Any CPU.Build.0 = Release|Any CPU
		{86A5716C-3E8C-4F2A-9FF3-98962A57EC4D}.Debug|Any CPU.ActiveCfg = Debug|Any CPU
		{86A5716C-3E8C-4F2A-9FF3-98962A57EC4D}.Debug|Any CPU.Build.0 = Debug|Any CPU
		{86A5716C-3E8C-4F2A-9FF3-98962A57EC4D}.Release|Any CPU.ActiveCfg = Release|Any CPU
		{86A5716C-3E8C-4F2A-9FF3-98962A57EC4D}.Release|Any CPU.Build.0 = Release|Any CPU
		{425A201B-9C5B-4241-ACE1-5A1520322FFF}.Debug|Any CPU.ActiveCfg = Debug|Any CPU
		{425A201B-9C5B-4241-ACE1-5A1520322FFF}.Debug|Any CPU.Build.0 = Debug|Any CPU
		{425A201B-9C5B-4241-ACE1-5A1520322FFF}.Release|Any CPU.ActiveCfg = Release|Any CPU
		{425A201B-9C5B-4241-ACE1-5A1520322FFF}.Release|Any CPU.Build.0 = Release|Any CPU
		{4C5E74D0-EEBE-486A-AED0-8566F167C5B7}.Debug|Any CPU.ActiveCfg = Debug|Any CPU
		{4C5E74D0-EEBE-486A-AED0-8566F167C5B7}.Debug|Any CPU.Build.0 = Debug|Any CPU
		{4C5E74D0-EEBE-486A-AED0-8566F167C5B7}.Release|Any CPU.ActiveCfg = Release|Any CPU
		{4C5E74D0-EEBE-486A-AED0-8566F167C5B7}.Release|Any CPU.Build.0 = Release|Any CPU
		{0E2291E9-6CAC-4B73-8465-602DF7DD96F1}.Debug|Any CPU.ActiveCfg = Debug|Any CPU
		{0E2291E9-6CAC-4B73-8465-602DF7DD96F1}.Debug|Any CPU.Build.0 = Debug|Any CPU
		{0E2291E9-6CAC-4B73-8465-602DF7DD96F1}.Release|Any CPU.ActiveCfg = Release|Any CPU
		{0E2291E9-6CAC-4B73-8465-602DF7DD96F1}.Release|Any CPU.Build.0 = Release|Any CPU
		{BCCAE11D-89A3-4113-A430-1DCF447A5BAE}.Debug|Any CPU.ActiveCfg = Debug|Any CPU
		{BCCAE11D-89A3-4113-A430-1DCF447A5BAE}.Debug|Any CPU.Build.0 = Debug|Any CPU
		{BCCAE11D-89A3-4113-A430-1DCF447A5BAE}.Release|Any CPU.ActiveCfg = Release|Any CPU
		{BCCAE11D-89A3-4113-A430-1DCF447A5BAE}.Release|Any CPU.Build.0 = Release|Any CPU
	EndGlobalSection
	GlobalSection(SolutionProperties) = preSolution
		HideSolutionNode = FALSE
	EndGlobalSection
	GlobalSection(ExtensibilityGlobals) = postSolution
		SolutionGuid = {60C7FDC2-BA8F-46F8-8F5C-64A8122D6149}
	EndGlobalSection
EndGlobal
