
Microsoft Visual Studio Solution File, Format Version 12.00
# Visual Studio Version 17
VisualStudioVersion = 17.13.35913.81 d17.13
MinimumVisualStudioVersion = 10.0.40219.1
Project("{FAE04EC0-301F-11D3-BF4B-00C04F79EFBC}") = "App1.1", "App1.1\App1.1.csproj", "{496B2DA7-1B9A-4DA3-BE15-135FD573BA73}"
EndProject
Project("{FAE04EC0-301F-11D3-BF4B-00C04F79EFBC}") = "App2.1", "App2.1\App2.1.csproj", "{A5B12D59-5D8C-4048-A0CA-DF4164264AE0}"
EndProject
Global
	GlobalSection(SolutionConfigurationPlatforms) = preSolution
		Debug|Any CPU = Debug|Any CPU
		Release|Any CPU = Release|Any CPU
	EndGlobalSection
	GlobalSection(ProjectConfigurationPlatforms) = postSolution
		{496B2DA7-1B9A-4DA3-BE15-135FD573BA73}.Debug|Any CPU.ActiveCfg = Debug|Any CPU
		{496B2DA7-1B9A-4DA3-BE15-135FD573BA73}.Debug|Any CPU.Build.0 = Debug|Any CPU
		{496B2DA7-1B9A-4DA3-BE15-135FD573BA73}.Release|Any CPU.ActiveCfg = Release|Any CPU
		{496B2DA7-1B9A-4DA3-BE15-135FD573BA73}.Release|Any CPU.Build.0 = Release|Any CPU
		{A5B12D59-5D8C-4048-A0CA-DF4164264AE0}.Debug|Any CPU.ActiveCfg = Debug|Any CPU
		{A5B12D59-5D8C-4048-A0CA-DF4164264AE0}.Debug|Any CPU.Build.0 = Debug|Any CPU
		{A5B12D59-5D8C-4048-A0CA-DF4164264AE0}.Release|Any CPU.ActiveCfg = Release|Any CPU
		{A5B12D59-5D8C-4048-A0CA-DF4164264AE0}.Release|Any CPU.Build.0 = Release|Any CPU
	EndGlobalSection
	GlobalSection(SolutionProperties) = preSolution
		HideSolutionNode = FALSE
	EndGlobalSection
	GlobalSection(ExtensibilityGlobals) = postSolution
		SolutionGuid = {A869482B-ABCF-4118-8D4C-5EF519AE4EAD}
	EndGlobalSection
EndGlobal
