
Microsoft Visual Studio Solution File, Format Version 12.00
# Visual Studio Version 17
VisualStudioVersion = 17.13.35913.81 d17.13
MinimumVisualStudioVersion = 10.0.40219.1
Project("{FAE04EC0-301F-11D3-BF4B-00C04F79EFBC}") = "app1", "app1\app1.csproj", "{C96B69A0-7B7E-4E5F-B84A-18812508AF23}"
EndProject
Project("{FAE04EC0-301F-11D3-BF4B-00C04F79EFBC}") = "app2", "app2\app2.csproj", "{00AB3197-76CB-464E-97B0-DBC7CB777834}"
EndProject
Global
	GlobalSection(SolutionConfigurationPlatforms) = preSolution
		Debug|Any CPU = Debug|Any CPU
		Release|Any CPU = Release|Any CPU
	EndGlobalSection
	GlobalSection(ProjectConfigurationPlatforms) = postSolution
		{C96B69A0-7B7E-4E5F-B84A-18812508AF23}.Debug|Any CPU.ActiveCfg = Debug|Any CPU
		{C96B69A0-7B7E-4E5F-B84A-18812508AF23}.Debug|Any CPU.Build.0 = Debug|Any CPU
		{C96B69A0-7B7E-4E5F-B84A-18812508AF23}.Release|Any CPU.ActiveCfg = Release|Any CPU
		{C96B69A0-7B7E-4E5F-B84A-18812508AF23}.Release|Any CPU.Build.0 = Release|Any CPU
		{00AB3197-76CB-464E-97B0-DBC7CB777834}.Debug|Any CPU.ActiveCfg = Debug|Any CPU
		{00AB3197-76CB-464E-97B0-DBC7CB777834}.Debug|Any CPU.Build.0 = Debug|Any CPU
		{00AB3197-76CB-464E-97B0-DBC7CB777834}.Release|Any CPU.ActiveCfg = Release|Any CPU
		{00AB3197-76CB-464E-97B0-DBC7CB777834}.Release|Any CPU.Build.0 = Release|Any CPU
	EndGlobalSection
	GlobalSection(SolutionProperties) = preSolution
		HideSolutionNode = FALSE
	EndGlobalSection
	GlobalSection(ExtensibilityGlobals) = postSolution
		SolutionGuid = {6E1D3CF2-1609-4E0C-B555-0164C0978A7C}
	EndGlobalSection
EndGlobal
