
Microsoft Visual Studio Solution File, Format Version 12.00
# Visual Studio Version 17
VisualStudioVersion = 17.13.35913.81 d17.13
MinimumVisualStudioVersion = 10.0.40219.1
Project("{FAE04EC0-301F-11D3-BF4B-00C04F79EFBC}") = "Geometria", "Geometria.csproj", "{65F0BB31-020C-4CD3-B71F-865979FAFD76}"
EndProject
Global
	GlobalSection(SolutionConfigurationPlatforms) = preSolution
		Debug|Any CPU = Debug|Any CPU
		Release|Any CPU = Release|Any CPU
	EndGlobalSection
	GlobalSection(ProjectConfigurationPlatforms) = postSolution
		{65F0BB31-020C-4CD3-B71F-865979FAFD76}.Debug|Any CPU.ActiveCfg = Debug|Any CPU
		{65F0BB31-020C-4CD3-B71F-865979FAFD76}.Debug|Any CPU.Build.0 = Debug|Any CPU
		{65F0BB31-020C-4CD3-B71F-865979FAFD76}.Release|Any CPU.ActiveCfg = Release|Any CPU
		{65F0BB31-020C-4CD3-B71F-865979FAFD76}.Release|Any CPU.Build.0 = Release|Any CPU
	EndGlobalSection
	GlobalSection(SolutionProperties) = preSolution
		HideSolutionNode = FALSE
	EndGlobalSection
	GlobalSection(ExtensibilityGlobals) = postSolution
		SolutionGuid = {E7AB0895-7A72-4E02-93F4-0C3E37DF9C49}
	EndGlobalSection
EndGlobal
