
Microsoft Visual Studio Solution File, Format Version 12.00
# Visual Studio Version 17
VisualStudioVersion = 17.13.35913.81
MinimumVisualStudioVersion = 10.0.40219.1
Project("{FAE04EC0-301F-11D3-BF4B-00C04F79EFBC}") = "ASP.NET CORE EMPTY", "ASP.NET CORE EMPTY\ASP.NET CORE EMPTY.csproj", "{3583140C-70AE-46A5-9E82-79AC051B1283}"
EndProject
Project("{FAE04EC0-301F-11D3-BF4B-00C04F79EFBC}") = "Consola", "Consola\Consola.csproj", "{218D55E6-F69A-4DEF-9C4B-770AF94EB31B}"
EndProject
Project("{FAE04EC0-301F-11D3-BF4B-00C04F79EFBC}") = "Dominio", "Dominio\Dominio.csproj", "{5BD3B671-78DE-467C-9CD6-0617EA1110F5}"
EndProject
Global
	GlobalSection(SolutionConfigurationPlatforms) = preSolution
		Debug|Any CPU = Debug|Any CPU
		Release|Any CPU = Release|Any CPU
	EndGlobalSection
	GlobalSection(ProjectConfigurationPlatforms) = postSolution
		{3583140C-70AE-46A5-9E82-79AC051B1283}.Debug|Any CPU.ActiveCfg = Debug|Any CPU
		{3583140C-70AE-46A5-9E82-79AC051B1283}.Debug|Any CPU.Build.0 = Debug|Any CPU
		{3583140C-70AE-46A5-9E82-79AC051B1283}.Release|Any CPU.ActiveCfg = Release|Any CPU
		{3583140C-70AE-46A5-9E82-79AC051B1283}.Release|Any CPU.Build.0 = Release|Any CPU
		{218D55E6-F69A-4DEF-9C4B-770AF94EB31B}.Debug|Any CPU.ActiveCfg = Debug|Any CPU
		{218D55E6-F69A-4DEF-9C4B-770AF94EB31B}.Debug|Any CPU.Build.0 = Debug|Any CPU
		{218D55E6-F69A-4DEF-9C4B-770AF94EB31B}.Release|Any CPU.ActiveCfg = Release|Any CPU
		{218D55E6-F69A-4DEF-9C4B-770AF94EB31B}.Release|Any CPU.Build.0 = Release|Any CPU
		{5BD3B671-78DE-467C-9CD6-0617EA1110F5}.Debug|Any CPU.ActiveCfg = Debug|Any CPU
		{5BD3B671-78DE-467C-9CD6-0617EA1110F5}.Debug|Any CPU.Build.0 = Debug|Any CPU
		{5BD3B671-78DE-467C-9CD6-0617EA1110F5}.Release|Any CPU.ActiveCfg = Release|Any CPU
		{5BD3B671-78DE-467C-9CD6-0617EA1110F5}.Release|Any CPU.Build.0 = Release|Any CPU
	EndGlobalSection
	GlobalSection(SolutionProperties) = preSolution
		HideSolutionNode = FALSE
	EndGlobalSection
	GlobalSection(ExtensibilityGlobals) = postSolution
		SolutionGuid = {0F08D4FB-188D-4554-B2F6-6F0B42797EF3}
	EndGlobalSection
EndGlobal
