
Microsoft Visual Studio Solution File, Format Version 12.00
# Visual Studio Version 17
VisualStudioVersion = 17.13.35913.81
MinimumVisualStudioVersion = 10.0.40219.1
Project("{FAE04EC0-301F-11D3-BF4B-00C04F79EFBC}") = "Lab01", "Lab01.csproj", "{419B71F7-4CAA-41E6-820F-F8C126E1FB3C}"
EndProject
Project("{FAE04EC0-301F-11D3-BF4B-00C04F79EFBC}") = "Iteracion", "..\Iteracion\Iteracion.csproj", "{C9BB3640-DBAF-49C0-B89A-2CEFE7E2638F}"
EndProject
Global
	GlobalSection(SolutionConfigurationPlatforms) = preSolution
		Debug|Any CPU = Debug|Any CPU
		Release|Any CPU = Release|Any CPU
	EndGlobalSection
	GlobalSection(ProjectConfigurationPlatforms) = postSolution
		{419B71F7-4CAA-41E6-820F-F8C126E1FB3C}.Debug|Any CPU.ActiveCfg = Debug|Any CPU
		{419B71F7-4CAA-41E6-820F-F8C126E1FB3C}.Debug|Any CPU.Build.0 = Debug|Any CPU
		{419B71F7-4CAA-41E6-820F-F8C126E1FB3C}.Release|Any CPU.ActiveCfg = Release|Any CPU
		{419B71F7-4CAA-41E6-820F-F8C126E1FB3C}.Release|Any CPU.Build.0 = Release|Any CPU
		{C9BB3640-DBAF-49C0-B89A-2CEFE7E2638F}.Debug|Any CPU.ActiveCfg = Debug|Any CPU
		{C9BB3640-DBAF-49C0-B89A-2CEFE7E2638F}.Debug|Any CPU.Build.0 = Debug|Any CPU
		{C9BB3640-DBAF-49C0-B89A-2CEFE7E2638F}.Release|Any CPU.ActiveCfg = Release|Any CPU
		{C9BB3640-DBAF-49C0-B89A-2CEFE7E2638F}.Release|Any CPU.Build.0 = Release|Any CPU
	EndGlobalSection
	GlobalSection(SolutionProperties) = preSolution
		HideSolutionNode = FALSE
	EndGlobalSection
	GlobalSection(ExtensibilityGlobals) = postSolution
		SolutionGuid = {CECFCD11-DC07-4129-A2C1-F0B776112F57}
	EndGlobalSection
EndGlobal
