
Microsoft Visual Studio Solution File, Format Version 12.00
# Visual Studio Version 17
VisualStudioVersion = 17.13.35913.81
MinimumVisualStudioVersion = 10.0.40219.1
Project("{FAE04EC0-301F-11D3-BF4B-00C04F79EFBC}") = "App1", "App1\App1.csproj", "{257C960C-FDF4-4B34-B489-D6B097BFD701}"
EndProject
Project("{FAE04EC0-301F-11D3-BF4B-00C04F79EFBC}") = "App2", "App2\App2.csproj", "{B932F51C-9BD2-4A37-8584-A9162FEC6C8D}"
EndProject
Project("{FAE04EC0-301F-11D3-BF4B-00C04F79EFBC}") = "App3", "App3\App3.csproj", "{32F50F22-CF65-4C9C-A99D-762C5234264B}"
EndProject
Project("{FAE04EC0-301F-11D3-BF4B-00C04F79EFBC}") = "App4", "App4\App4.csproj", "{A41627B9-054C-4CE2-A66A-C8B72A46D61F}"
EndProject
Global
	GlobalSection(SolutionConfigurationPlatforms) = preSolution
		Debug|Any CPU = Debug|Any CPU
		Release|Any CPU = Release|Any CPU
	EndGlobalSection
	GlobalSection(ProjectConfigurationPlatforms) = postSolution
		{257C960C-FDF4-4B34-B489-D6B097BFD701}.Debug|Any CPU.ActiveCfg = Debug|Any CPU
		{257C960C-FDF4-4B34-B489-D6B097BFD701}.Debug|Any CPU.Build.0 = Debug|Any CPU
		{257C960C-FDF4-4B34-B489-D6B097BFD701}.Release|Any CPU.ActiveCfg = Release|Any CPU
		{257C960C-FDF4-4B34-B489-D6B097BFD701}.Release|Any CPU.Build.0 = Release|Any CPU
		{B932F51C-9BD2-4A37-8584-A9162FEC6C8D}.Debug|Any CPU.ActiveCfg = Debug|Any CPU
		{B932F51C-9BD2-4A37-8584-A9162FEC6C8D}.Debug|Any CPU.Build.0 = Debug|Any CPU
		{B932F51C-9BD2-4A37-8584-A9162FEC6C8D}.Release|Any CPU.ActiveCfg = Release|Any CPU
		{B932F51C-9BD2-4A37-8584-A9162FEC6C8D}.Release|Any CPU.Build.0 = Release|Any CPU
		{32F50F22-CF65-4C9C-A99D-762C5234264B}.Debug|Any CPU.ActiveCfg = Debug|Any CPU
		{32F50F22-CF65-4C9C-A99D-762C5234264B}.Debug|Any CPU.Build.0 = Debug|Any CPU
		{32F50F22-CF65-4C9C-A99D-762C5234264B}.Release|Any CPU.ActiveCfg = Release|Any CPU
		{32F50F22-CF65-4C9C-A99D-762C5234264B}.Release|Any CPU.Build.0 = Release|Any CPU
		{A41627B9-054C-4CE2-A66A-C8B72A46D61F}.Debug|Any CPU.ActiveCfg = Debug|Any CPU
		{A41627B9-054C-4CE2-A66A-C8B72A46D61F}.Debug|Any CPU.Build.0 = Debug|Any CPU
		{A41627B9-054C-4CE2-A66A-C8B72A46D61F}.Release|Any CPU.ActiveCfg = Release|Any CPU
		{A41627B9-054C-4CE2-A66A-C8B72A46D61F}.Release|Any CPU.Build.0 = Release|Any CPU
	EndGlobalSection
	GlobalSection(SolutionProperties) = preSolution
		HideSolutionNode = FALSE
	EndGlobalSection
	GlobalSection(ExtensibilityGlobals) = postSolution
		SolutionGuid = {8A40F6C2-3D33-4ED5-A5D0-78DC91F7D2BF}
	EndGlobalSection
EndGlobal
